
Microsoft Visual Studio Solution File, Format Version 12.00
# Visual Studio Version 17
VisualStudioVersion = 17.13.35818.85 d17.13
MinimumVisualStudioVersion = 10.0.40219.1
Project("{FAE04EC0-301F-11D3-BF4B-00C04F79EFBC}") = "Presentation", "Presentation\Presentation.csproj", "{AA9D97EB-9E6A-40A2-A3A7-340BE3E0FFDB}"
	ProjectSection(ProjectDependencies) = postProject
		{837B86A6-4171-4F3E-921D-9CD706A6D0CE} = {837B86A6-4171-4F3E-921D-9CD706A6D0CE}
	EndProjectSection
EndProject
Project("{FAE04EC0-301F-11D3-BF4B-00C04F79EFBC}") = "Application", "Application\Application.csproj", "{837B86A6-4171-4F3E-921D-9CD706A6D0CE}"
	ProjectSection(ProjectDependencies) = postProject
		{94ECEFA5-C84B-4030-8FAF-BBCB6EA73471} = {94ECEFA5-C84B-4030-8FAF-BBCB6EA73471}
	EndProjectSection
EndProject
Project("{FAE04EC0-301F-11D3-BF4B-00C04F79EFBC}") = "Persistance", "Persistance\Persistance.csproj", "{94ECEFA5-C84B-4030-8FAF-BBCB6EA73471}"
EndProject
Global
	GlobalSection(SolutionConfigurationPlatforms) = preSolution
		Debug|Any CPU = Debug|Any CPU
		Release|Any CPU = Release|Any CPU
	EndGlobalSection
	GlobalSection(ProjectConfigurationPlatforms) = postSolution
		{AA9D97EB-9E6A-40A2-A3A7-340BE3E0FFDB}.Debug|Any CPU.ActiveCfg = Debug|Any CPU
		{AA9D97EB-9E6A-40A2-A3A7-340BE3E0FFDB}.Debug|Any CPU.Build.0 = Debug|Any CPU
		{AA9D97EB-9E6A-40A2-A3A7-340BE3E0FFDB}.Release|Any CPU.ActiveCfg = Release|Any CPU
		{AA9D97EB-9E6A-40A2-A3A7-340BE3E0FFDB}.Release|Any CPU.Build.0 = Release|Any CPU
		{837B86A6-4171-4F3E-921D-9CD706A6D0CE}.Debug|Any CPU.ActiveCfg = Debug|Any CPU
		{837B86A6-4171-4F3E-921D-9CD706A6D0CE}.Debug|Any CPU.Build.0 = Debug|Any CPU
		{837B86A6-4171-4F3E-921D-9CD706A6D0CE}.Release|Any CPU.ActiveCfg = Release|Any CPU
		{837B86A6-4171-4F3E-921D-9CD706A6D0CE}.Release|Any CPU.Build.0 = Release|Any CPU
		{94ECEFA5-C84B-4030-8FAF-BBCB6EA73471}.Debug|Any CPU.ActiveCfg = Debug|Any CPU
		{94ECEFA5-C84B-4030-8FAF-BBCB6EA73471}.Debug|Any CPU.Build.0 = Debug|Any CPU
		{94ECEFA5-C84B-4030-8FAF-BBCB6EA73471}.Release|Any CPU.ActiveCfg = Release|Any CPU
		{94ECEFA5-C84B-4030-8FAF-BBCB6EA73471}.Release|Any CPU.Build.0 = Release|Any CPU
	EndGlobalSection
	GlobalSection(SolutionProperties) = preSolution
		HideSolutionNode = FALSE
	EndGlobalSection
	GlobalSection(ExtensibilityGlobals) = postSolution
		SolutionGuid = {93EA498A-ABB6-4286-9168-9194672EDAEE}
	EndGlobalSection
EndGlobal
